
Microsoft Visual Studio Solution File, Format Version 12.00
# Visual Studio 15
VisualStudioVersion = 15.0.28307.572
MinimumVisualStudioVersion = 10.0.40219.1
Project("{8BC9CEB8-8B4A-11D0-8D11-00A0C91BC942}") = "RipOutDOL", "RipOutDOL.vcxproj", "{32B0415C-EDC5-47B8-8AE2-9D90EFB97DE3}"
EndProject
Project("{2150E333-8FDC-42A3-9474-1A3956D46DE8}") = "Core", "Core", "{DCD16838-5735-46B9-9C40-B94E6F8FDF31}"
EndProject
Project("{2150E333-8FDC-42A3-9474-1A3956D46DE8}") = "Common", "Common", "{1E7060A0-2E46-447A-B476-9E19942E1D23}"
EndProject
Project("{8BC9CEB8-8B4A-11D0-8D11-00A0C91BC942}") = "Common", "Core\Common\Common.vcxproj", "{2E6C348C-C75C-4D94-8D1E-9C1FCBF3EFE4}"
EndProject
Project("{2150E333-8FDC-42A3-9474-1A3956D46DE8}") = "PCH", "PCH", "{ADA33CE1-C961-46C7-8858-0C86A5E9B750}"
EndProject
Project("{8BC9CEB8-8B4A-11D0-8D11-00A0C91BC942}") = "pch", "PCH\pch.vcxproj", "{76563A7F-1011-4EAD-B667-7BB18D09568E}"
EndProject
Project("{2150E333-8FDC-42A3-9474-1A3956D46DE8}") = "Externals", "Externals", "{F2BB92F8-7EE9-451A-AAFF-54B25105565B}"
EndProject
Project("{2150E333-8FDC-42A3-9474-1A3956D46DE8}") = "enet", "enet", "{7743B40B-E203-473E-BED2-45994586182D}"
EndProject
Project("{2150E333-8FDC-42A3-9474-1A3956D46DE8}") = "mbedtls", "mbedtls", "{D0DCFB36-1F89-43BB-AEBD-B9EDF08FE3DE}"
EndProject
Project("{2150E333-8FDC-42A3-9474-1A3956D46DE8}") = "libpng", "libpng", "{0B2AC73A-DA8D-42A4-9DC5-B18F6E32061C}"
EndProject
Project("{8BC9CEB8-8B4A-11D0-8D11-00A0C91BC942}") = "enet", "..\Externals\enet\enet.vcxproj", "{CBC76802-C128-4B17-BF6C-23B08C313E5E}"
EndProject
Project("{8BC9CEB8-8B4A-11D0-8D11-00A0C91BC942}") = "png", "..\Externals\libpng\png\png.vcxproj", "{4C9F135B-A85E-430C-BAD4-4C67EF5FC12C}"
EndProject
Project("{8BC9CEB8-8B4A-11D0-8D11-00A0C91BC942}") = "mbedTLS", "..\Externals\mbedtls\mbedTLS.vcxproj", "{BDB6578B-0691-4E80-A46C-DF21639FD3B8}"
EndProject
Project("{2150E333-8FDC-42A3-9474-1A3956D46DE8}") = "curl", "curl", "{544DFE7B-AEC2-4A47-8FE5-784D0DE4EF10}"
EndProject
Project("{8BC9CEB8-8B4A-11D0-8D11-00A0C91BC942}") = "curl", "..\Externals\curl\curl.vcxproj", "{BB00605C-125F-4A21-B33B-7BF418322DCB}"
EndProject
Global
	GlobalSection(SolutionConfigurationPlatforms) = preSolution
		Debug|x64 = Debug|x64
		Debug|x86 = Debug|x86
		Release|x64 = Release|x64
		Release|x86 = Release|x86
	EndGlobalSection
	GlobalSection(ProjectConfigurationPlatforms) = postSolution
		{32B0415C-EDC5-47B8-8AE2-9D90EFB97DE3}.Debug|x64.ActiveCfg = Debug|x64
		{32B0415C-EDC5-47B8-8AE2-9D90EFB97DE3}.Debug|x64.Build.0 = Debug|x64
		{32B0415C-EDC5-47B8-8AE2-9D90EFB97DE3}.Debug|x86.ActiveCfg = Debug|Win32
		{32B0415C-EDC5-47B8-8AE2-9D90EFB97DE3}.Debug|x86.Build.0 = Debug|Win32
		{32B0415C-EDC5-47B8-8AE2-9D90EFB97DE3}.Release|x64.ActiveCfg = Release|x64
		{32B0415C-EDC5-47B8-8AE2-9D90EFB97DE3}.Release|x64.Build.0 = Release|x64
		{32B0415C-EDC5-47B8-8AE2-9D90EFB97DE3}.Release|x86.ActiveCfg = Release|Win32
		{32B0415C-EDC5-47B8-8AE2-9D90EFB97DE3}.Release|x86.Build.0 = Release|Win32
		{2E6C348C-C75C-4D94-8D1E-9C1FCBF3EFE4}.Debug|x64.ActiveCfg = Debug|x64
		{2E6C348C-C75C-4D94-8D1E-9C1FCBF3EFE4}.Debug|x64.Build.0 = Debug|x64
		{2E6C348C-C75C-4D94-8D1E-9C1FCBF3EFE4}.Debug|x86.ActiveCfg = Debug|x64
		{2E6C348C-C75C-4D94-8D1E-9C1FCBF3EFE4}.Release|x64.ActiveCfg = Release|x64
		{2E6C348C-C75C-4D94-8D1E-9C1FCBF3EFE4}.Release|x64.Build.0 = Release|x64
		{2E6C348C-C75C-4D94-8D1E-9C1FCBF3EFE4}.Release|x86.ActiveCfg = Release|x64
		{76563A7F-1011-4EAD-B667-7BB18D09568E}.Debug|x64.ActiveCfg = Debug|x64
		{76563A7F-1011-4EAD-B667-7BB18D09568E}.Debug|x64.Build.0 = Debug|x64
		{76563A7F-1011-4EAD-B667-7BB18D09568E}.Debug|x86.ActiveCfg = Debug|x64
		{76563A7F-1011-4EAD-B667-7BB18D09568E}.Release|x64.ActiveCfg = Release|x64
		{76563A7F-1011-4EAD-B667-7BB18D09568E}.Release|x64.Build.0 = Release|x64
		{76563A7F-1011-4EAD-B667-7BB18D09568E}.Release|x86.ActiveCfg = Release|x64
		{CBC76802-C128-4B17-BF6C-23B08C313E5E}.Debug|x64.ActiveCfg = Debug|x64
		{CBC76802-C128-4B17-BF6C-23B08C313E5E}.Debug|x64.Build.0 = Debug|x64
		{CBC76802-C128-4B17-BF6C-23B08C313E5E}.Debug|x86.ActiveCfg = Debug|x64
		{CBC76802-C128-4B17-BF6C-23B08C313E5E}.Release|x64.ActiveCfg = Release|x64
		{CBC76802-C128-4B17-BF6C-23B08C313E5E}.Release|x64.Build.0 = Release|x64
		{CBC76802-C128-4B17-BF6C-23B08C313E5E}.Release|x86.ActiveCfg = Release|x64
		{4C9F135B-A85E-430C-BAD4-4C67EF5FC12C}.Debug|x64.ActiveCfg = Debug|x64
		{4C9F135B-A85E-430C-BAD4-4C67EF5FC12C}.Debug|x64.Build.0 = Debug|x64
		{4C9F135B-A85E-430C-BAD4-4C67EF5FC12C}.Debug|x86.ActiveCfg = Debug|x64
		{4C9F135B-A85E-430C-BAD4-4C67EF5FC12C}.Release|x64.ActiveCfg = Release|x64
		{4C9F135B-A85E-430C-BAD4-4C67EF5FC12C}.Release|x64.Build.0 = Release|x64
		{4C9F135B-A85E-430C-BAD4-4C67EF5FC12C}.Release|x86.ActiveCfg = Release|x64
		{BDB6578B-0691-4E80-A46C-DF21639FD3B8}.Debug|x64.ActiveCfg = Debug|x64
		{BDB6578B-0691-4E80-A46C-DF21639FD3B8}.Debug|x64.Build.0 = Debug|x64
		{BDB6578B-0691-4E80-A46C-DF21639FD3B8}.Debug|x86.ActiveCfg = Debug|x64
		{BDB6578B-0691-4E80-A46C-DF21639FD3B8}.Release|x64.ActiveCfg = Release|x64
		{BDB6578B-0691-4E80-A46C-DF21639FD3B8}.Release|x64.Build.0 = Release|x64
		{BDB6578B-0691-4E80-A46C-DF21639FD3B8}.Release|x86.ActiveCfg = Release|x64
		{BB00605C-125F-4A21-B33B-7BF418322DCB}.Debug|x64.ActiveCfg = Debug|x64
		{BB00605C-125F-4A21-B33B-7BF418322DCB}.Debug|x64.Build.0 = Debug|x64
		{BB00605C-125F-4A21-B33B-7BF418322DCB}.Debug|x86.ActiveCfg = Debug|x64
		{BB00605C-125F-4A21-B33B-7BF418322DCB}.Release|x64.ActiveCfg = Release|x64
		{BB00605C-125F-4A21-B33B-7BF418322DCB}.Release|x64.Build.0 = Release|x64
		{BB00605C-125F-4A21-B33B-7BF418322DCB}.Release|x86.ActiveCfg = Release|x64
	EndGlobalSection
	GlobalSection(SolutionProperties) = preSolution
		HideSolutionNode = FALSE
	EndGlobalSection
	GlobalSection(NestedProjects) = preSolution
		{1E7060A0-2E46-447A-B476-9E19942E1D23} = {DCD16838-5735-46B9-9C40-B94E6F8FDF31}
		{2E6C348C-C75C-4D94-8D1E-9C1FCBF3EFE4} = {1E7060A0-2E46-447A-B476-9E19942E1D23}
		{76563A7F-1011-4EAD-B667-7BB18D09568E} = {ADA33CE1-C961-46C7-8858-0C86A5E9B750}
		{7743B40B-E203-473E-BED2-45994586182D} = {F2BB92F8-7EE9-451A-AAFF-54B25105565B}
		{D0DCFB36-1F89-43BB-AEBD-B9EDF08FE3DE} = {F2BB92F8-7EE9-451A-AAFF-54B25105565B}
		{0B2AC73A-DA8D-42A4-9DC5-B18F6E32061C} = {F2BB92F8-7EE9-451A-AAFF-54B25105565B}
		{CBC76802-C128-4B17-BF6C-23B08C313E5E} = {7743B40B-E203-473E-BED2-45994586182D}
		{4C9F135B-A85E-430C-BAD4-4C67EF5FC12C} = {0B2AC73A-DA8D-42A4-9DC5-B18F6E32061C}
		{BDB6578B-0691-4E80-A46C-DF21639FD3B8} = {D0DCFB36-1F89-43BB-AEBD-B9EDF08FE3DE}
		{544DFE7B-AEC2-4A47-8FE5-784D0DE4EF10} = {F2BB92F8-7EE9-451A-AAFF-54B25105565B}
		{BB00605C-125F-4A21-B33B-7BF418322DCB} = {544DFE7B-AEC2-4A47-8FE5-784D0DE4EF10}
	EndGlobalSection
	GlobalSection(ExtensibilityGlobals) = postSolution
		SolutionGuid = {C87F371F-6749-41FE-89B3-C763603D3659}
	EndGlobalSection
EndGlobal
